
Microsoft Visual Studio Solution File, Format Version 12.00
# Visual Studio Version 16
VisualStudioVersion = 16.0.31424.327
MinimumVisualStudioVersion = 10.0.40219.1
Project("{2150E333-8FDC-42A3-9474-1A3956D46DE8}") = "services", "services", "{931F0460-E515-4786-B75D-E0586BCFE690}"
EndProject
Project("{FAE04EC0-301F-11D3-BF4B-00C04F79EFBC}") = "Ims.Api", "Ims.Api\Ims.Api.csproj", "{F8C2B98A-9A59-4561-94AB-41C5395E9638}"
EndProject
Project("{FAE04EC0-301F-11D3-BF4B-00C04F79EFBC}") = "Ims.Model", "Ims.Model\Ims.Model.csproj", "{4A6D50C9-4117-495D-A168-F355AC74C640}"
EndProject
Project("{FAE04EC0-301F-11D3-BF4B-00C04F79EFBC}") = "Ims.Entity", "Ims.Entity\Ims.Entity.csproj", "{5216272E-C7AD-499D-A5D4-AFD6311B6CB1}"
EndProject
Project("{FAE04EC0-301F-11D3-BF4B-00C04F79EFBC}") = "Ims.Helper", "Ims.Helper\Ims.Helper.csproj", "{75B90CA1-B39B-4336-91E2-97BD659F370A}"
EndProject
Project("{FAE04EC0-301F-11D3-BF4B-00C04F79EFBC}") = "Ims.Dal", "Ims.Dal\Ims.Dal.csproj", "{1F039A35-8E27-4A10-AA13-71A89E011B96}"
EndProject
Project("{FAE04EC0-301F-11D3-BF4B-00C04F79EFBC}") = "Ims.Map", "Ims.Map\Ims.Map.csproj", "{BADAE598-5197-447C-954D-EA8664689A82}"
EndProject
Project("{FAE04EC0-301F-11D3-BF4B-00C04F79EFBC}") = "Ims.Repository", "Ims.Repository\Ims.Repository.csproj", "{A465D927-5E56-4D0B-AA83-AB7E176718B6}"
EndProject
Project("{FAE04EC0-301F-11D3-BF4B-00C04F79EFBC}") = "Ims.Service", "Ims.Service\Ims.Service.csproj", "{B36AAC51-E40C-4AA4-8730-5E199CC7A2C1}"
EndProject
Project("{FAE04EC0-301F-11D3-BF4B-00C04F79EFBC}") = "Ims.Logging", "Ims.Logging\Ims.Logging.csproj", "{A70F0341-2B2C-414C-92CF-2895FB88804F}"
EndProject
Project("{FAE04EC0-301F-11D3-BF4B-00C04F79EFBC}") = "Ims.Context", "Ims.Context\Ims.Context.csproj", "{4EB45BB4-7339-4DB4-A01C-D04651198547}"
EndProject
Global
	GlobalSection(SolutionConfigurationPlatforms) = preSolution
		Debug|Any CPU = Debug|Any CPU
		Release|Any CPU = Release|Any CPU
	EndGlobalSection
	GlobalSection(ProjectConfigurationPlatforms) = postSolution
		{F8C2B98A-9A59-4561-94AB-41C5395E9638}.Debug|Any CPU.ActiveCfg = Debug|Any CPU
		{F8C2B98A-9A59-4561-94AB-41C5395E9638}.Debug|Any CPU.Build.0 = Debug|Any CPU
		{F8C2B98A-9A59-4561-94AB-41C5395E9638}.Release|Any CPU.ActiveCfg = Release|Any CPU
		{F8C2B98A-9A59-4561-94AB-41C5395E9638}.Release|Any CPU.Build.0 = Release|Any CPU
		{4A6D50C9-4117-495D-A168-F355AC74C640}.Debug|Any CPU.ActiveCfg = Debug|Any CPU
		{4A6D50C9-4117-495D-A168-F355AC74C640}.Debug|Any CPU.Build.0 = Debug|Any CPU
		{4A6D50C9-4117-495D-A168-F355AC74C640}.Release|Any CPU.ActiveCfg = Release|Any CPU
		{4A6D50C9-4117-495D-A168-F355AC74C640}.Release|Any CPU.Build.0 = Release|Any CPU
		{5216272E-C7AD-499D-A5D4-AFD6311B6CB1}.Debug|Any CPU.ActiveCfg = Debug|Any CPU
		{5216272E-C7AD-499D-A5D4-AFD6311B6CB1}.Debug|Any CPU.Build.0 = Debug|Any CPU
		{5216272E-C7AD-499D-A5D4-AFD6311B6CB1}.Release|Any CPU.ActiveCfg = Release|Any CPU
		{5216272E-C7AD-499D-A5D4-AFD6311B6CB1}.Release|Any CPU.Build.0 = Release|Any CPU
		{75B90CA1-B39B-4336-91E2-97BD659F370A}.Debug|Any CPU.ActiveCfg = Debug|Any CPU
		{75B90CA1-B39B-4336-91E2-97BD659F370A}.Debug|Any CPU.Build.0 = Debug|Any CPU
		{75B90CA1-B39B-4336-91E2-97BD659F370A}.Release|Any CPU.ActiveCfg = Release|Any CPU
		{75B90CA1-B39B-4336-91E2-97BD659F370A}.Release|Any CPU.Build.0 = Release|Any CPU
		{1F039A35-8E27-4A10-AA13-71A89E011B96}.Debug|Any CPU.ActiveCfg = Debug|Any CPU
		{1F039A35-8E27-4A10-AA13-71A89E011B96}.Debug|Any CPU.Build.0 = Debug|Any CPU
		{1F039A35-8E27-4A10-AA13-71A89E011B96}.Release|Any CPU.ActiveCfg = Release|Any CPU
		{1F039A35-8E27-4A10-AA13-71A89E011B96}.Release|Any CPU.Build.0 = Release|Any CPU
		{BADAE598-5197-447C-954D-EA8664689A82}.Debug|Any CPU.ActiveCfg = Debug|Any CPU
		{BADAE598-5197-447C-954D-EA8664689A82}.Debug|Any CPU.Build.0 = Debug|Any CPU
		{BADAE598-5197-447C-954D-EA8664689A82}.Release|Any CPU.ActiveCfg = Release|Any CPU
		{BADAE598-5197-447C-954D-EA8664689A82}.Release|Any CPU.Build.0 = Release|Any CPU
		{A465D927-5E56-4D0B-AA83-AB7E176718B6}.Debug|Any CPU.ActiveCfg = Debug|Any CPU
		{A465D927-5E56-4D0B-AA83-AB7E176718B6}.Debug|Any CPU.Build.0 = Debug|Any CPU
		{A465D927-5E56-4D0B-AA83-AB7E176718B6}.Release|Any CPU.ActiveCfg = Release|Any CPU
		{A465D927-5E56-4D0B-AA83-AB7E176718B6}.Release|Any CPU.Build.0 = Release|Any CPU
		{B36AAC51-E40C-4AA4-8730-5E199CC7A2C1}.Debug|Any CPU.ActiveCfg = Debug|Any CPU
		{B36AAC51-E40C-4AA4-8730-5E199CC7A2C1}.Debug|Any CPU.Build.0 = Debug|Any CPU
		{B36AAC51-E40C-4AA4-8730-5E199CC7A2C1}.Release|Any CPU.ActiveCfg = Release|Any CPU
		{B36AAC51-E40C-4AA4-8730-5E199CC7A2C1}.Release|Any CPU.Build.0 = Release|Any CPU
		{A70F0341-2B2C-414C-92CF-2895FB88804F}.Debug|Any CPU.ActiveCfg = Debug|Any CPU
		{A70F0341-2B2C-414C-92CF-2895FB88804F}.Debug|Any CPU.Build.0 = Debug|Any CPU
		{A70F0341-2B2C-414C-92CF-2895FB88804F}.Release|Any CPU.ActiveCfg = Release|Any CPU
		{A70F0341-2B2C-414C-92CF-2895FB88804F}.Release|Any CPU.Build.0 = Release|Any CPU
		{4EB45BB4-7339-4DB4-A01C-D04651198547}.Debug|Any CPU.ActiveCfg = Debug|Any CPU
		{4EB45BB4-7339-4DB4-A01C-D04651198547}.Debug|Any CPU.Build.0 = Debug|Any CPU
		{4EB45BB4-7339-4DB4-A01C-D04651198547}.Release|Any CPU.ActiveCfg = Release|Any CPU
		{4EB45BB4-7339-4DB4-A01C-D04651198547}.Release|Any CPU.Build.0 = Release|Any CPU
	EndGlobalSection
	GlobalSection(SolutionProperties) = preSolution
		HideSolutionNode = FALSE
	EndGlobalSection
	GlobalSection(NestedProjects) = preSolution
		{4A6D50C9-4117-495D-A168-F355AC74C640} = {931F0460-E515-4786-B75D-E0586BCFE690}
		{5216272E-C7AD-499D-A5D4-AFD6311B6CB1} = {931F0460-E515-4786-B75D-E0586BCFE690}
		{75B90CA1-B39B-4336-91E2-97BD659F370A} = {931F0460-E515-4786-B75D-E0586BCFE690}
		{1F039A35-8E27-4A10-AA13-71A89E011B96} = {931F0460-E515-4786-B75D-E0586BCFE690}
		{BADAE598-5197-447C-954D-EA8664689A82} = {931F0460-E515-4786-B75D-E0586BCFE690}
		{A465D927-5E56-4D0B-AA83-AB7E176718B6} = {931F0460-E515-4786-B75D-E0586BCFE690}
		{B36AAC51-E40C-4AA4-8730-5E199CC7A2C1} = {931F0460-E515-4786-B75D-E0586BCFE690}
		{A70F0341-2B2C-414C-92CF-2895FB88804F} = {931F0460-E515-4786-B75D-E0586BCFE690}
		{4EB45BB4-7339-4DB4-A01C-D04651198547} = {931F0460-E515-4786-B75D-E0586BCFE690}
	EndGlobalSection
	GlobalSection(ExtensibilityGlobals) = postSolution
		SolutionGuid = {834CE11B-B79E-4109-A23F-CB5308B35890}
	EndGlobalSection
EndGlobal
